{
  "name": "design-system",
  "version": "0.0.1",
  "lockfileVersion": 1,
  "requires": true,
  "dependencies": {
    "@lion/button": {
      "version": "0.5.11",
      "resolved": "https://registry.npmjs.org/@lion/button/-/button-0.5.11.tgz",
      "integrity": "sha512-w+bqLdyQko9WNQMkavR5u6aPFy8FrBHRCgtE/7cXxZUBANoVpmV/f5sg1IUpOuxj5yXVD8hxA/d+13C0EsyO9A==",
      "requires": {
        "@lion/core": "0.5.1"
      }
    },
    "@lion/core": {
      "version": "0.5.1",
      "resolved": "https://registry.npmjs.org/@lion/core/-/core-0.5.1.tgz",
      "integrity": "sha512-WpMHFUeP78NduTtSrhoJqHqFG5ZjNrvYvHxXSB/gzkeHQ/hYTMlQD6UoeNeWvUixllUBCizls4RHJGTKwrWOzg==",
      "requires": {
        "@open-wc/dedupe-mixin": "^1.2.1",
        "@open-wc/scoped-elements": "^1.0.3",
        "lit-element": "^2.2.1",
        "lit-html": "^1.0.0"
      }
    },
    "@open-wc/dedupe-mixin": {
      "version": "1.2.17",
      "resolved": "https://registry.npmjs.org/@open-wc/dedupe-mixin/-/dedupe-mixin-1.2.17.tgz",
      "integrity": "sha512-9A3WohqNxEloJa4y1DuBL5zH12cNRNW1vsrkiaLMnOGuQdhibs2XY1oliudsKpvIeNjDXRVRPUdIIzn65BypCw=="
    },
    "@open-wc/scoped-elements": {
      "version": "1.1.1",
      "resolved": "https://registry.npmjs.org/@open-wc/scoped-elements/-/scoped-elements-1.1.1.tgz",
      "integrity": "sha512-Fx9bFOA14xGeNFQpSeyp6GmqW1vJyETr1qlem9pDS3hlK/HpWUtoBRAPyo4yexjY+aeSsenUeAYDXzPWQgeWXw==",
      "requires": {
        "@open-wc/dedupe-mixin": "^1.2.17",
        "lit-html": "^1.0.0"
      }
    },
    "@stencil/core": {
      "version": "1.12.2",
      "resolved": "https://registry.npmjs.org/@stencil/core/-/core-1.12.2.tgz",
      "integrity": "sha512-lB8N0IBBT2u3ahg7R1+WZnJ/NsdgSJi3cq3E1m3dE143OCSn/l7G0JOrqyg4FSNO+9QM/ywkWp0g2eGEABF3Sg==",
      "dev": true,
      "requires": {
        "typescript": "3.8.3"
      }
    },
    "lit-element": {
      "version": "2.3.1",
      "resolved": "https://registry.npmjs.org/lit-element/-/lit-element-2.3.1.tgz",
      "integrity": "sha512-tOcUAmeO3BzwiQ7FGWdsshNvC0HVHcTFYw/TLIImmKwXYoV0E7zCBASa8IJ7DiP4cen/Yoj454gS0qqTnIGsFA==",
      "requires": {
        "lit-html": "^1.1.1"
      }
    },
    "lit-html": {
      "version": "1.2.1",
      "resolved": "https://registry.npmjs.org/lit-html/-/lit-html-1.2.1.tgz",
      "integrity": "sha512-GSJHHXMGLZDzTRq59IUfL9FCdAlGfqNp/dEa7k7aBaaWD+JKaCjsAk9KYm2V12ItonVaYx2dprN66Zdm1AuBTQ=="
    },
    "typescript": {
      "version": "3.8.3",
      "resolved": "https://registry.npmjs.org/typescript/-/typescript-3.8.3.tgz",
      "integrity": "sha512-MYlEfn5VrLNsgudQTVJeNaQFUAI7DkhnOjdpAp4T+ku1TfQClewlbSuTVHiA+8skNBgaf02TL/kLOvig4y3G8w==",
      "dev": true
    }
  }
}
